// !$*UTF8*$!
{
	archiveVersion = 1;
	classes = {
	};
	objectVersion = 46;
	objects = {

/* Begin PBXBuildFile section */
		98F306641CD8F19B005BB9CE /* main.m in Sources */ = {isa = PBXBuildFile; fileRef = 98F306631CD8F19B005BB9CE /* main.m */; };
		98F306671CD8F19B005BB9CE /* AppDelegate.m in Sources */ = {isa = PBXBuildFile; fileRef = 98F306661CD8F19B005BB9CE /* AppDelegate.m */; };
		98F3066A1CD8F19B005BB9CE /* ViewController.m in Sources */ = {isa = PBXBuildFile; fileRef = 98F306691CD8F19B005BB9CE /* ViewController.m */; };
		98F3066D1CD8F19B005BB9CE /* Main.storyboard in Resources */ = {isa = PBXBuildFile; fileRef = 98F3066B1CD8F19B005BB9CE /* Main.storyboard */; };
		98F3066F1CD8F19B005BB9CE /* Assets.xcassets in Resources */ = {isa = PBXBuildFile; fileRef = 98F3066E1CD8F19B005BB9CE /* Assets.xcassets */; };
		98F306721CD8F19B005BB9CE /* LaunchScreen.storyboard in Resources */ = {isa = PBXBuildFile; fileRef = 98F306701CD8F19B005BB9CE /* LaunchScreen.storyboard */; };
/* End PBXBuildFile section */

/* Begin PBXFileReference section */
		98F3065F1CD8F19B005BB9CE /* BSStatDemo.app */ = {isa = PBXFileReference; explicitFileType = wrapper.application; includeInIndex = 0; path = BSStatDemo.app; sourceTree = BUILT_PRODUCTS_DIR; };
		98F306631CD8F19B005BB9CE /* main.m */ = {isa = PBXFileReference; lastKnownFileType = sourcecode.c.objc; path = main.m; sourceTree = "<group>"; };
		98F306651CD8F19B005BB9CE /* AppDelegate.h */ = {isa = PBXFileReference; lastKnownFileType = sourcecode.c.h; path = AppDelegate.h; sourceTree = "<group>"; };
		98F306661CD8F19B005BB9CE /* AppDelegate.m */ = {isa = PBXFileReference; lastKnownFileType = sourcecode.c.objc; path = AppDelegate.m; sourceTree = "<group>"; };
		98F306681CD8F19B005BB9CE /* ViewController.h */ = {isa = PBXFileReference; lastKnownFileType = sourcecode.c.h; path = ViewController.h; sourceTree = "<group>"; };
		98F306691CD8F19B005BB9CE /* ViewController.m */ = {isa = PBXFileReference; lastKnownFileType = sourcecode.c.objc; path = ViewController.m; sourceTree = "<group>"; };
		98F3066C1CD8F19B005BB9CE /* Base */ = {isa = PBXFileReference; lastKnownFileType = file.storyboard; name = Base; path = Base.lproj/Main.storyboard; sourceTree = "<group>"; };
		98F3066E1CD8F19B005BB9CE /* Assets.xcassets */ = {isa = PBXFileReference; lastKnownFileType = folder.assetcatalog; path = Assets.xcassets; sourceTree = "<group>"; };
		98F306711CD8F19B005BB9CE /* Base */ = {isa = PBXFileReference; lastKnownFileType = file.storyboard; name = Base; path = Base.lproj/LaunchScreen.storyboard; sourceTree = "<group>"; };
		98F306731CD8F19B005BB9CE /* Info.plist */ = {isa = PBXFileReference; lastKnownFileType = text.plist.xml; path = Info.plist; sourceTree = "<group>"; };
/* End PBXFileReference section */

/* Begin PBXFrameworksBuildPhase section */
		98F3065C1CD8F19B005BB9CE /* Frameworks */ = {
			isa = PBXFrameworksBuildPhase;
			buildActionMask = 2147483647;
			files = (
			);
			runOnlyForDeploymentPostprocessing = 0;
		};
/* End PBXFrameworksBuildPhase section */

/* Begin PBXGroup section */
		98F306561CD8F19B005BB9CE = {
			isa = PBXGroup;
			children = (
				98F306611CD8F19B005BB9CE /* BSStatDemo */,
				98F306601CD8F19B005BB9CE /* Products */,
			);
			sourceTree = "<group>";
		};
		98F306601CD8F19B005BB9CE /* Products */ = {
			isa = PBXGroup;
			children = (
				98F3065F1CD8F19B005BB9CE /* BSStatDemo.app */,
			);
			name = Products;
			sourceTree = "<group>";
		};
		98F306611CD8F19B005BB9CE /* BSStatDemo */ = {
			isa = PBXGroup;
			children = (
				98F306651CD8F19B005BB9CE /* AppDelegate.h */,
				98F306661CD8F19B005BB9CE /* AppDelegate.m */,
				98F306681CD8F19B005BB9CE /* ViewController.h */,
				98F306691CD8F19B005BB9CE /* ViewController.m */,
				98F3066B1CD8F19B005BB9CE /* Main.storyboard */,
				98F3066E1CD8F19B005BB9CE /* Assets.xcassets */,
				98F306701CD8F19B005BB9CE /* LaunchScreen.storyboard */,
				98F306731CD8F19B005BB9CE /* Info.plist */,
				98F306621CD8F19B005BB9CE /* Supporting Files */,
			);
			path = BSStatDemo;
			sourceTree = "<group>";
		};
		98F306621CD8F19B005BB9CE /* Supporting Files */ = {
			isa = PBXGroup;
			children = (
				98F306631CD8F19B005BB9CE /* main.m */,
			);
			name = "Supporting Files";
			sourceTree = "<group>";
		};
/* End PBXGroup section */

/* Begin PBXNativeTarget section */
		98F3065E1CD8F19B005BB9CE /* BSStatDemo */ = {
			isa = PBXNativeTarget;
			buildConfigurationList = 98F306761CD8F19B005BB9CE /* Build configuration list for PBXNativeTarget "BSStatDemo" */;
			buildPhases = (
				98F3065B1CD8F19B005BB9CE /* Sources */,
				98F3065C1CD8F19B005BB9CE /* Frameworks */,
				98F3065D1CD8F19B005BB9CE /* Resources */,
			);
			buildRules = (
			);
			dependencies = (
			);
			name = BSStatDemo;
			productName = BSStatDemo;
			productReference = 98F3065F1CD8F19B005BB9CE /* BSStatDemo.app */;
			productType = "com.apple.product-type.application";
		};
/* End PBXNativeTarget section */

/* Begin PBXProject section */
		98F306571CD8F19B005BB9CE /* Project object */ = {
			isa = PBXProject;
			attributes = {
				LastUpgradeCheck = 0730;
				ORGANIZATIONNAME = BeachSon;
				TargetAttributes = {
					98F3065E1CD8F19B005BB9CE = {
						CreatedOnToolsVersion = 7.3;
					};
				};
			};
			buildConfigurationList = 98F3065A1CD8F19B005BB9CE /* Build configuration list for PBXProject "BSStatDemo" */;
			compatibilityVersion = "Xcode 3.2";
			developmentRegion = English;
			hasScannedForEncodings = 0;
			knownRegions = (
				en,
				Base,
			);
			mainGroup = 98F306561CD8F19B005BB9CE;
			productRefGroup = 98F306601CD8F19B005BB9CE /* Products */;
			projectDirPath = "";
			projectRoot = "";
			targets = (
				98F3065E1CD8F19B005BB9CE /* BSStatDemo */,
			);
		};
/* End PBXProject section */

/* Begin PBXResourcesBuildPhase section */
		98F3065D1CD8F19B005BB9CE /* Resources */ = {
			isa = PBXResourcesBuildPhase;
			buildActionMask = 2147483647;
			files = (
				98F306721CD8F19B005BB9CE /* LaunchScreen.storyboard in Resources */,
				98F3066F1CD8F19B005BB9CE /* Assets.xcassets in Resources */,
				98F3066D1CD8F19B005BB9CE /* Main.storyboard in Resources */,
			);
			runOnlyForDeploymentPostprocessing = 0;
		};
/* End PBXResourcesBuildPhase section */

/* Begin PBXSourcesBuildPhase section */
		98F3065B1CD8F19B005BB9CE /* Sources */ = {
			isa = PBXSourcesBuildPhase;
			buildActionMask = 2147483647;
			files = (
				98F3066A1CD8F19B005BB9CE /* ViewController.m in Sources */,
				98F306671CD8F19B005BB9CE /* AppDelegate.m in Sources */,
				98F306641CD8F19B005BB9CE /* main.m in Sources */,
			);
			runOnlyForDeploymentPostprocessing = 0;
		};
/* End PBXSourcesBuildPhase section */

/* Begin PBXVariantGroup section */
		98F3066B1CD8F19B005BB9CE /* Main.storyboard */ = {
			isa = PBXVariantGroup;
			children = (
				98F3066C1CD8F19B005BB9CE /* Base */,
			);
			name = Main.storyboard;
			sourceTree = "<group>";
		};
		98F306701CD8F19B005BB9CE /* LaunchScreen.storyboard */ = {
			isa = PBXVariantGroup;
			children = (
				98F306711CD8F19B005BB9CE /* Base */,
			);
			name = LaunchScreen.storyboard;
			sourceTree = "<group>";
		};
/* End PBXVariantGroup section */

/* Begin XCBuildConfiguration section */
		98F306741CD8F19B005BB9CE /* Debug */ = {
			isa = XCBuildConfiguration;
			buildSettings = {
				ALWAYS_SEARCH_USER_PATHS = NO;
				CLANG_ANALYZER_NONNULL = YES;
				CLANG_CXX_LANGUAGE_STANDARD = "gnu++0x";
				CLANG_CXX_LIBRARY = "libc++";
				CLANG_ENABLE_MODULES = YES;
				CLANG_ENABLE_OBJC_ARC = YES;
				CLANG_WARN_BOOL_CONVERSION = YES;
				CLANG_WARN_CONSTANT_CONVERSION = YES;
				CLANG_WARN_DIRECT_OBJC_ISA_USAGE = YES_ERROR;
				CLANG_WARN_EMPTY_BODY = YES;
				CLANG_WARN_ENUM_CONVERSION = YES;
				CLANG_WARN_INT_CONVERSION = YES;
				CLANG_WARN_OBJC_ROOT_CLASS = YES_ERROR;
				CLANG_WARN_UNREACHABLE_CODE = YES;
				CLANG_WARN__DUPLICATE_METHOD_MATCH = YES;
				"CODE_SIGN_IDENTITY[sdk=iphoneos*]" = "iPhone Developer";
				COPY_PHASE_STRIP = NO;
				DEBUG_INFORMATION_FORMAT = dwarf;
				ENABLE_STRICT_OBJC_MSGSEND = YES;
				ENABLE_TESTABILITY = YES;
				GCC_C_LANGUAGE_STANDARD = gnu99;
				GCC_DYNAMIC_NO_PIC = NO;
				GCC_NO_COMMON_BLOCKS = YES;
				GCC_OPTIMIZATION_LEVEL = 0;
				GCC_PREPROCESSOR_DEFINITIONS = (
					"DEBUG=1",
					"$(inherited)",
				);
				GCC_WARN_64_TO_32_BIT_CONVERSION = YES;
				GCC_WARN_ABOUT_RETURN_TYPE = YES_ERROR;
				GCC_WARN_UNDECLARED_SELECTOR = YES;
				GCC_WARN_UNINITIALIZED_AUTOS = YES_AGGRESSIVE;
				GCC_WARN_UNUSED_FUNCTION = YES;
				GCC_WARN_UNUSED_VARIABLE = YES;
				IPHONEOS_DEPLOYMENT_TARGET = 9.3;
				MTL_ENABLE_DEBUG_INFO = YES;
				ONLY_ACTIVE_ARCH = YES;
				SDKROOT = iphoneos;
				TARGETED_DEVICE_FAMILY = "1,2";
			};
			name = Debug;
		};
		98F306751CD8F19B005BB9CE /* Release */ = {
			isa = XCBuildConfiguration;
			buildSettings = {
				ALWAYS_SEARCH_USER_PATHS = NO;
				CLANG_ANALYZER_NONNULL = YES;
				CLANG_CXX_LANGUAGE_STANDARD = "gnu++0x";
				CLANG_CXX_LIBRARY = "libc++";
				CLANG_ENABLE_MODULES = YES;
				CLANG_ENABLE_OBJC_ARC = YES;
				CLANG_WARN_BOOL_CONVERSION = YES;
				CLANG_WARN_CONSTANT_CONVERSION = YES;
				CLANG_WARN_DIRECT_OBJC_ISA_USAGE = YES_ERROR;
				CLANG_WARN_EMPTY_BODY = YES;
				CLANG_WARN_ENUM_CONVERSION = YES;
				CLANG_WARN_INT_CONVERSION = YES;
				CLANG_WARN_OBJC_ROOT_CLASS = YES_ERROR;
				CLANG_WARN_UNREACHABLE_CODE = YES;
				CLANG_WARN__DUPLICATE_METHOD_MATCH = YES;
				"CODE_SIGN_IDENTITY[sdk=iphoneos*]" = "iPhone Developer";
				COPY_PHASE_STRIP = NO;
				DEBUG_INFORMATION_FORMAT = "dwarf-with-dsym";
				ENABLE_NS_ASSERTIONS = NO;
				ENABLE_STRICT_OBJC_MSGSEND = YES;
				GCC_C_LANGUAGE_STANDARD = gnu99;
				GCC_NO_COMMON_BLOCKS = YES;
				GCC_WARN_64_TO_32_BIT_CONVERSION = YES;
				GCC_WARN_ABOUT_RETURN_TYPE = YES_ERROR;
				GCC_WARN_UNDECLARED_SELECTOR = YES;
				GCC_WARN_UNINITIALIZED_AUTOS = YES_AGGRESSIVE;
				GCC_WARN_UNUSED_FUNCTION = YES;
				GCC_WARN_UNUSED_VARIABLE = YES;
				IPHONEOS_DEPLOYMENT_TARGET = 9.3;
				MTL_ENABLE_DEBUG_INFO = NO;
				SDKROOT = iphoneos;
				TARGETED_DEVICE_FAMILY = "1,2";
				VALIDATE_PRODUCT = YES;
			};
			name = Release;
		};
		98F306771CD8F19B005BB9CE /* Debug */ = {
			isa = XCBuildConfiguration;
			buildSettings = {
				ASSETCATALOG_COMPILER_APPICON_NAME = AppIcon;
				INFOPLIST_FILE = BSStatDemo/Info.plist;
				LD_RUNPATH_SEARCH_PATHS = "$(inherited) @executable_path/Frameworks";
				PRODUCT_BUNDLE_IDENTIFIER = BeachSon.com.BSStatDemo;
				PRODUCT_NAME = "$(TARGET_NAME)";
			};
			name = Debug;
		};
		98F306781CD8F19B005BB9CE /* Release */ = {
			isa = XCBuildConfiguration;
			buildSettings = {
				ASSETCATALOG_COMPILER_APPICON_NAME = AppIcon;
				INFOPLIST_FILE = BSStatDemo/Info.plist;
				LD_RUNPATH_SEARCH_PATHS = "$(inherited) @executable_path/Frameworks";
				PRODUCT_BUNDLE_IDENTIFIER = BeachSon.com.BSStatDemo;
				PRODUCT_NAME = "$(TARGET_NAME)";
			};
			name = Release;
		};
/* End XCBuildConfiguration section */

/* Begin XCConfigurationList section */
		98F3065A1CD8F19B005BB9CE /* Build configuration list for PBXProject "BSStatDemo" */ = {
			isa = XCConfigurationList;
			buildConfigurations = (
				98F306741CD8F19B005BB9CE /* Debug */,
				98F306751CD8F19B005BB9CE /* Release */,
			);
			defaultConfigurationIsVisible = 0;
			defaultConfigurationName = Release;
		};
		98F306761CD8F19B005BB9CE /* Build configuration list for PBXNativeTarget "BSStatDemo" */ = {
			isa = XCConfigurationList;
			buildConfigurations = (
				98F306771CD8F19B005BB9CE /* Debug */,
				98F306781CD8F19B005BB9CE /* Release */,
			);
			defaultConfigurationIsVisible = 0;
		};
/* End XCConfigurationList section */
	};
	rootObject = 98F306571CD8F19B005BB9CE /* Project object */;
}
